
Microsoft Visual Studio Solution File, Format Version 12.00
# Visual Studio Version 17
VisualStudioVersion = 17.5.2.0
MinimumVisualStudioVersion = 10.0.40219.1
Project("{FAE04EC0-301F-11D3-BF4B-00C04F79EFBC}") = "KennelManagementSystemAPI", "KennelManagementSystemAPI.csproj", "{241F38A1-1CDC-14E1-DA39-40E311604D7D}"
EndProject
Project("{FAE04EC0-301F-11D3-BF4B-00C04F79EFBC}") = "KennelManagementSystemAPI.Tests", "..\KennelManagementSystemAPI.Tests\KennelManagementSystemAPI.Tests.csproj", "{FCA052F9-2BDA-4758-AD4E-CA2BDB7CFFBF}"
EndProject
Global
	GlobalSection(SolutionConfigurationPlatforms) = preSolution
		Debug|Any CPU = Debug|Any CPU
		Debug|x64 = Debug|x64
		Debug|x86 = Debug|x86
		Release|Any CPU = Release|Any CPU
		Release|x64 = Release|x64
		Release|x86 = Release|x86
	EndGlobalSection
	GlobalSection(ProjectConfigurationPlatforms) = postSolution
		{241F38A1-1CDC-14E1-DA39-40E311604D7D}.Debug|Any CPU.ActiveCfg = Debug|Any CPU
		{241F38A1-1CDC-14E1-DA39-40E311604D7D}.Debug|Any CPU.Build.0 = Debug|Any CPU
		{241F38A1-1CDC-14E1-DA39-40E311604D7D}.Debug|x64.ActiveCfg = Debug|Any CPU
		{241F38A1-1CDC-14E1-DA39-40E311604D7D}.Debug|x64.Build.0 = Debug|Any CPU
		{241F38A1-1CDC-14E1-DA39-40E311604D7D}.Debug|x86.ActiveCfg = Debug|Any CPU
		{241F38A1-1CDC-14E1-DA39-40E311604D7D}.Debug|x86.Build.0 = Debug|Any CPU
		{241F38A1-1CDC-14E1-DA39-40E311604D7D}.Release|Any CPU.ActiveCfg = Release|Any CPU
		{241F38A1-1CDC-14E1-DA39-40E311604D7D}.Release|Any CPU.Build.0 = Release|Any CPU
		{241F38A1-1CDC-14E1-DA39-40E311604D7D}.Release|x64.ActiveCfg = Release|Any CPU
		{241F38A1-1CDC-14E1-DA39-40E311604D7D}.Release|x64.Build.0 = Release|Any CPU
		{241F38A1-1CDC-14E1-DA39-40E311604D7D}.Release|x86.ActiveCfg = Release|Any CPU
		{241F38A1-1CDC-14E1-DA39-40E311604D7D}.Release|x86.Build.0 = Release|Any CPU
		{FCA052F9-2BDA-4758-AD4E-CA2BDB7CFFBF}.Debug|Any CPU.ActiveCfg = Debug|Any CPU
		{FCA052F9-2BDA-4758-AD4E-CA2BDB7CFFBF}.Debug|Any CPU.Build.0 = Debug|Any CPU
		{FCA052F9-2BDA-4758-AD4E-CA2BDB7CFFBF}.Debug|x64.ActiveCfg = Debug|Any CPU
		{FCA052F9-2BDA-4758-AD4E-CA2BDB7CFFBF}.Debug|x64.Build.0 = Debug|Any CPU
		{FCA052F9-2BDA-4758-AD4E-CA2BDB7CFFBF}.Debug|x86.ActiveCfg = Debug|Any CPU
		{FCA052F9-2BDA-4758-AD4E-CA2BDB7CFFBF}.Debug|x86.Build.0 = Debug|Any CPU
		{FCA052F9-2BDA-4758-AD4E-CA2BDB7CFFBF}.Release|Any CPU.ActiveCfg = Release|Any CPU
		{FCA052F9-2BDA-4758-AD4E-CA2BDB7CFFBF}.Release|Any CPU.Build.0 = Release|Any CPU
		{FCA052F9-2BDA-4758-AD4E-CA2BDB7CFFBF}.Release|x64.ActiveCfg = Release|Any CPU
		{FCA052F9-2BDA-4758-AD4E-CA2BDB7CFFBF}.Release|x64.Build.0 = Release|Any CPU
		{FCA052F9-2BDA-4758-AD4E-CA2BDB7CFFBF}.Release|x86.ActiveCfg = Release|Any CPU
		{FCA052F9-2BDA-4758-AD4E-CA2BDB7CFFBF}.Release|x86.Build.0 = Release|Any CPU
	EndGlobalSection
	GlobalSection(SolutionProperties) = preSolution
		HideSolutionNode = FALSE
	EndGlobalSection
	GlobalSection(ExtensibilityGlobals) = postSolution
		SolutionGuid = {5290F336-C5A9-4780-AD6A-92C47523784B}
	EndGlobalSection
EndGlobal
